// !$*UTF8*$!
{
	archiveVersion = 1;
	classes = {
	};
	objectVersion = 50;
	objects = {

/* Begin PBXBuildFile section */
		410DFD3124C8632600E482FC /* ModalPresentationController.swift in Sources */ = {isa = PBXBuildFile; fileRef = 410DFD3024C8632600E482FC /* ModalPresentationController.swift */; };
		41CE52F924C718BF00A34706 /* AppDelegate.swift in Sources */ = {isa = PBXBuildFile; fileRef = 41CE52F824C718BF00A34706 /* AppDelegate.swift */; };
		41CE52FB24C718BF00A34706 /* SceneDelegate.swift in Sources */ = {isa = PBXBuildFile; fileRef = 41CE52FA24C718BF00A34706 /* SceneDelegate.swift */; };
		41CE52FD24C718BF00A34706 /* ViewController.swift in Sources */ = {isa = PBXBuildFile; fileRef = 41CE52FC24C718BF00A34706 /* ViewController.swift */; };
		41CE530024C718BF00A34706 /* Main.storyboard in Resources */ = {isa = PBXBuildFile; fileRef = 41CE52FE24C718BF00A34706 /* Main.storyboard */; };
		41CE530224C718C200A34706 /* Assets.xcassets in Resources */ = {isa = PBXBuildFile; fileRef = 41CE530124C718C200A34706 /* Assets.xcassets */; };
		41CE530524C718C200A34706 /* LaunchScreen.storyboard in Resources */ = {isa = PBXBuildFile; fileRef = 41CE530324C718C200A34706 /* LaunchScreen.storyboard */; };
		41CE531024C718C300A34706 /* ModalAnimationTests.swift in Sources */ = {isa = PBXBuildFile; fileRef = 41CE530F24C718C300A34706 /* ModalAnimationTests.swift */; };
		41CE531B24C718C300A34706 /* ModalAnimationUITests.swift in Sources */ = {isa = PBXBuildFile; fileRef = 41CE531A24C718C300A34706 /* ModalAnimationUITests.swift */; };
		41CE532924C718EE00A34706 /* ModalViewController.swift in Sources */ = {isa = PBXBuildFile; fileRef = 41CE532824C718EE00A34706 /* ModalViewController.swift */; };
/* End PBXBuildFile section */

/* Begin PBXContainerItemProxy section */
		41CE530C24C718C300A34706 /* PBXContainerItemProxy */ = {
			isa = PBXContainerItemProxy;
			containerPortal = 41CE52ED24C718BF00A34706 /* Project object */;
			proxyType = 1;
			remoteGlobalIDString = 41CE52F424C718BF00A34706;
			remoteInfo = ModalAnimation;
		};
		41CE531724C718C300A34706 /* PBXContainerItemProxy */ = {
			isa = PBXContainerItemProxy;
			containerPortal = 41CE52ED24C718BF00A34706 /* Project object */;
			proxyType = 1;
			remoteGlobalIDString = 41CE52F424C718BF00A34706;
			remoteInfo = ModalAnimation;
		};
/* End PBXContainerItemProxy section */

/* Begin PBXFileReference section */
		410DFD3024C8632600E482FC /* ModalPresentationController.swift */ = {isa = PBXFileReference; lastKnownFileType = sourcecode.swift; path = ModalPresentationController.swift; sourceTree = "<group>"; };
		41CE52F524C718BF00A34706 /* ModalAnimation.app */ = {isa = PBXFileReference; explicitFileType = wrapper.application; includeInIndex = 0; path = ModalAnimation.app; sourceTree = BUILT_PRODUCTS_DIR; };
		41CE52F824C718BF00A34706 /* AppDelegate.swift */ = {isa = PBXFileReference; lastKnownFileType = sourcecode.swift; path = AppDelegate.swift; sourceTree = "<group>"; };
		41CE52FA24C718BF00A34706 /* SceneDelegate.swift */ = {isa = PBXFileReference; lastKnownFileType = sourcecode.swift; path = SceneDelegate.swift; sourceTree = "<group>"; };
		41CE52FC24C718BF00A34706 /* ViewController.swift */ = {isa = PBXFileReference; lastKnownFileType = sourcecode.swift; path = ViewController.swift; sourceTree = "<group>"; };
		41CE52FF24C718BF00A34706 /* Base */ = {isa = PBXFileReference; lastKnownFileType = file.storyboard; name = Base; path = Base.lproj/Main.storyboard; sourceTree = "<group>"; };
		41CE530124C718C200A34706 /* Assets.xcassets */ = {isa = PBXFileReference; lastKnownFileType = folder.assetcatalog; path = Assets.xcassets; sourceTree = "<group>"; };
		41CE530424C718C200A34706 /* Base */ = {isa = PBXFileReference; lastKnownFileType = file.storyboard; name = Base; path = Base.lproj/LaunchScreen.storyboard; sourceTree = "<group>"; };
		41CE530624C718C200A34706 /* Info.plist */ = {isa = PBXFileReference; lastKnownFileType = text.plist.xml; path = Info.plist; sourceTree = "<group>"; };
		41CE530B24C718C300A34706 /* ModalAnimationTests.xctest */ = {isa = PBXFileReference; explicitFileType = wrapper.cfbundle; includeInIndex = 0; path = ModalAnimationTests.xctest; sourceTree = BUILT_PRODUCTS_DIR; };
		41CE530F24C718C300A34706 /* ModalAnimationTests.swift */ = {isa = PBXFileReference; lastKnownFileType = sourcecode.swift; path = ModalAnimationTests.swift; sourceTree = "<group>"; };
		41CE531124C718C300A34706 /* Info.plist */ = {isa = PBXFileReference; lastKnownFileType = text.plist.xml; path = Info.plist; sourceTree = "<group>"; };
		41CE531624C718C300A34706 /* ModalAnimationUITests.xctest */ = {isa = PBXFileReference; explicitFileType = wrapper.cfbundle; includeInIndex = 0; path = ModalAnimationUITests.xctest; sourceTree = BUILT_PRODUCTS_DIR; };
		41CE531A24C718C300A34706 /* ModalAnimationUITests.swift */ = {isa = PBXFileReference; lastKnownFileType = sourcecode.swift; path = ModalAnimationUITests.swift; sourceTree = "<group>"; };
		41CE531C24C718C300A34706 /* Info.plist */ = {isa = PBXFileReference; lastKnownFileType = text.plist.xml; path = Info.plist; sourceTree = "<group>"; };
		41CE532824C718EE00A34706 /* ModalViewController.swift */ = {isa = PBXFileReference; lastKnownFileType = sourcecode.swift; path = ModalViewController.swift; sourceTree = "<group>"; };
/* End PBXFileReference section */

/* Begin PBXFrameworksBuildPhase section */
		41CE52F224C718BF00A34706 /* Frameworks */ = {
			isa = PBXFrameworksBuildPhase;
			buildActionMask = 2147483647;
			files = (
			);
			runOnlyForDeploymentPostprocessing = 0;
		};
		41CE530824C718C300A34706 /* Frameworks */ = {
			isa = PBXFrameworksBuildPhase;
			buildActionMask = 2147483647;
			files = (
			);
			runOnlyForDeploymentPostprocessing = 0;
		};
		41CE531324C718C300A34706 /* Frameworks */ = {
			isa = PBXFrameworksBuildPhase;
			buildActionMask = 2147483647;
			files = (
			);
			runOnlyForDeploymentPostprocessing = 0;
		};
/* End PBXFrameworksBuildPhase section */

/* Begin PBXGroup section */
		41CE52EC24C718BF00A34706 = {
			isa = PBXGroup;
			children = (
				41CE52F724C718BF00A34706 /* ModalAnimation */,
				41CE530E24C718C300A34706 /* ModalAnimationTests */,
				41CE531924C718C300A34706 /* ModalAnimationUITests */,
				41CE52F624C718BF00A34706 /* Products */,
			);
			sourceTree = "<group>";
		};
		41CE52F624C718BF00A34706 /* Products */ = {
			isa = PBXGroup;
			children = (
				41CE52F524C718BF00A34706 /* ModalAnimation.app */,
				41CE530B24C718C300A34706 /* ModalAnimationTests.xctest */,
				41CE531624C718C300A34706 /* ModalAnimationUITests.xctest */,
			);
			name = Products;
			sourceTree = "<group>";
		};
		41CE52F724C718BF00A34706 /* ModalAnimation */ = {
			isa = PBXGroup;
			children = (
				41CE52F824C718BF00A34706 /* AppDelegate.swift */,
				41CE52FA24C718BF00A34706 /* SceneDelegate.swift */,
				41CE52FC24C718BF00A34706 /* ViewController.swift */,
				41CE52FE24C718BF00A34706 /* Main.storyboard */,
				41CE530124C718C200A34706 /* Assets.xcassets */,
				41CE530324C718C200A34706 /* LaunchScreen.storyboard */,
				41CE530624C718C200A34706 /* Info.plist */,
				41CE532824C718EE00A34706 /* ModalViewController.swift */,
				410DFD3024C8632600E482FC /* ModalPresentationController.swift */,
			);
			path = ModalAnimation;
			sourceTree = "<group>";
		};
		41CE530E24C718C300A34706 /* ModalAnimationTests */ = {
			isa = PBXGroup;
			children = (
				41CE530F24C718C300A34706 /* ModalAnimationTests.swift */,
				41CE531124C718C300A34706 /* Info.plist */,
			);
			path = ModalAnimationTests;
			sourceTree = "<group>";
		};
		41CE531924C718C300A34706 /* ModalAnimationUITests */ = {
			isa = PBXGroup;
			children = (
				41CE531A24C718C300A34706 /* ModalAnimationUITests.swift */,
				41CE531C24C718C300A34706 /* Info.plist */,
			);
			path = ModalAnimationUITests;
			sourceTree = "<group>";
		};
/* End PBXGroup section */

/* Begin PBXNativeTarget section */
		41CE52F424C718BF00A34706 /* ModalAnimation */ = {
			isa = PBXNativeTarget;
			buildConfigurationList = 41CE531F24C718C300A34706 /* Build configuration list for PBXNativeTarget "ModalAnimation" */;
			buildPhases = (
				41CE52F124C718BF00A34706 /* Sources */,
				41CE52F224C718BF00A34706 /* Frameworks */,
				41CE52F324C718BF00A34706 /* Resources */,
			);
			buildRules = (
			);
			dependencies = (
			);
			name = ModalAnimation;
			productName = ModalAnimation;
			productReference = 41CE52F524C718BF00A34706 /* ModalAnimation.app */;
			productType = "com.apple.product-type.application";
		};
		41CE530A24C718C300A34706 /* ModalAnimationTests */ = {
			isa = PBXNativeTarget;
			buildConfigurationList = 41CE532224C718C300A34706 /* Build configuration list for PBXNativeTarget "ModalAnimationTests" */;
			buildPhases = (
				41CE530724C718C300A34706 /* Sources */,
				41CE530824C718C300A34706 /* Frameworks */,
				41CE530924C718C300A34706 /* Resources */,
			);
			buildRules = (
			);
			dependencies = (
				41CE530D24C718C300A34706 /* PBXTargetDependency */,
			);
			name = ModalAnimationTests;
			productName = ModalAnimationTests;
			productReference = 41CE530B24C718C300A34706 /* ModalAnimationTests.xctest */;
			productType = "com.apple.product-type.bundle.unit-test";
		};
		41CE531524C718C300A34706 /* ModalAnimationUITests */ = {
			isa = PBXNativeTarget;
			buildConfigurationList = 41CE532524C718C300A34706 /* Build configuration list for PBXNativeTarget "ModalAnimationUITests" */;
			buildPhases = (
				41CE531224C718C300A34706 /* Sources */,
				41CE531324C718C300A34706 /* Frameworks */,
				41CE531424C718C300A34706 /* Resources */,
			);
			buildRules = (
			);
			dependencies = (
				41CE531824C718C300A34706 /* PBXTargetDependency */,
			);
			name = ModalAnimationUITests;
			productName = ModalAnimationUITests;
			productReference = 41CE531624C718C300A34706 /* ModalAnimationUITests.xctest */;
			productType = "com.apple.product-type.bundle.ui-testing";
		};
/* End PBXNativeTarget section */

/* Begin PBXProject section */
		41CE52ED24C718BF00A34706 /* Project object */ = {
			isa = PBXProject;
			attributes = {
				LastSwiftUpdateCheck = 1200;
				LastUpgradeCheck = 1200;
				TargetAttributes = {
					41CE52F424C718BF00A34706 = {
						CreatedOnToolsVersion = 12.0;
					};
					41CE530A24C718C300A34706 = {
						CreatedOnToolsVersion = 12.0;
						TestTargetID = 41CE52F424C718BF00A34706;
					};
					41CE531524C718C300A34706 = {
						CreatedOnToolsVersion = 12.0;
						TestTargetID = 41CE52F424C718BF00A34706;
					};
				};
			};
			buildConfigurationList = 41CE52F024C718BF00A34706 /* Build configuration list for PBXProject "ModalAnimation" */;
			compatibilityVersion = "Xcode 9.3";
			developmentRegion = en;
			hasScannedForEncodings = 0;
			knownRegions = (
				en,
				Base,
			);
			mainGroup = 41CE52EC24C718BF00A34706;
			productRefGroup = 41CE52F624C718BF00A34706 /* Products */;
			projectDirPath = "";
			projectRoot = "";
			targets = (
				41CE52F424C718BF00A34706 /* ModalAnimation */,
				41CE530A24C718C300A34706 /* ModalAnimationTests */,
				41CE531524C718C300A34706 /* ModalAnimationUITests */,
			);
		};
/* End PBXProject section */

/* Begin PBXResourcesBuildPhase section */
		41CE52F324C718BF00A34706 /* Resources */ = {
			isa = PBXResourcesBuildPhase;
			buildActionMask = 2147483647;
			files = (
				41CE530524C718C200A34706 /* LaunchScreen.storyboard in Resources */,
				41CE530224C718C200A34706 /* Assets.xcassets in Resources */,
				41CE530024C718BF00A34706 /* Main.storyboard in Resources */,
			);
			runOnlyForDeploymentPostprocessing = 0;
		};
		41CE530924C718C300A34706 /* Resources */ = {
			isa = PBXResourcesBuildPhase;
			buildActionMask = 2147483647;
			files = (
			);
			runOnlyForDeploymentPostprocessing = 0;
		};
		41CE531424C718C300A34706 /* Resources */ = {
			isa = PBXResourcesBuildPhase;
			buildActionMask = 2147483647;
			files = (
			);
			runOnlyForDeploymentPostprocessing = 0;
		};
/* End PBXResourcesBuildPhase section */

/* Begin PBXSourcesBuildPhase section */
		41CE52F124C718BF00A34706 /* Sources */ = {
			isa = PBXSourcesBuildPhase;
			buildActionMask = 2147483647;
			files = (
				41CE532924C718EE00A34706 /* ModalViewController.swift in Sources */,
				410DFD3124C8632600E482FC /* ModalPresentationController.swift in Sources */,
				41CE52FD24C718BF00A34706 /* ViewController.swift in Sources */,
				41CE52F924C718BF00A34706 /* AppDelegate.swift in Sources */,
				41CE52FB24C718BF00A34706 /* SceneDelegate.swift in Sources */,
			);
			runOnlyForDeploymentPostprocessing = 0;
		};
		41CE530724C718C300A34706 /* Sources */ = {
			isa = PBXSourcesBuildPhase;
			buildActionMask = 2147483647;
			files = (
				41CE531024C718C300A34706 /* ModalAnimationTests.swift in Sources */,
			);
			runOnlyForDeploymentPostprocessing = 0;
		};
		41CE531224C718C300A34706 /* Sources */ = {
			isa = PBXSourcesBuildPhase;
			buildActionMask = 2147483647;
			files = (
				41CE531B24C718C300A34706 /* ModalAnimationUITests.swift in Sources */,
			);
			runOnlyForDeploymentPostprocessing = 0;
		};
/* End PBXSourcesBuildPhase section */

/* Begin PBXTargetDependency section */
		41CE530D24C718C300A34706 /* PBXTargetDependency */ = {
			isa = PBXTargetDependency;
			target = 41CE52F424C718BF00A34706 /* ModalAnimation */;
			targetProxy = 41CE530C24C718C300A34706 /* PBXContainerItemProxy */;
		};
		41CE531824C718C300A34706 /* PBXTargetDependency */ = {
			isa = PBXTargetDependency;
			target = 41CE52F424C718BF00A34706 /* ModalAnimation */;
			targetProxy = 41CE531724C718C300A34706 /* PBXContainerItemProxy */;
		};
/* End PBXTargetDependency section */

/* Begin PBXVariantGroup section */
		41CE52FE24C718BF00A34706 /* Main.storyboard */ = {
			isa = PBXVariantGroup;
			children = (
				41CE52FF24C718BF00A34706 /* Base */,
			);
			name = Main.storyboard;
			sourceTree = "<group>";
		};
		41CE530324C718C200A34706 /* LaunchScreen.storyboard */ = {
			isa = PBXVariantGroup;
			children = (
				41CE530424C718C200A34706 /* Base */,
			);
			name = LaunchScreen.storyboard;
			sourceTree = "<group>";
		};
/* End PBXVariantGroup section */

/* Begin XCBuildConfiguration section */
		41CE531D24C718C300A34706 /* Debug */ = {
			isa = XCBuildConfiguration;
			buildSettings = {
				ALWAYS_SEARCH_USER_PATHS = NO;
				CLANG_ANALYZER_NONNULL = YES;
				CLANG_ANALYZER_NUMBER_OBJECT_CONVERSION = YES_AGGRESSIVE;
				CLANG_CXX_LANGUAGE_STANDARD = "gnu++14";
				CLANG_CXX_LIBRARY = "libc++";
				CLANG_ENABLE_MODULES = YES;
				CLANG_ENABLE_OBJC_ARC = YES;
				CLANG_ENABLE_OBJC_WEAK = YES;
				CLANG_WARN_BLOCK_CAPTURE_AUTORELEASING = YES;
				CLANG_WARN_BOOL_CONVERSION = YES;
				CLANG_WARN_COMMA = YES;
				CLANG_WARN_CONSTANT_CONVERSION = YES;
				CLANG_WARN_DEPRECATED_OBJC_IMPLEMENTATIONS = YES;
				CLANG_WARN_DIRECT_OBJC_ISA_USAGE = YES_ERROR;
				CLANG_WARN_DOCUMENTATION_COMMENTS = YES;
				CLANG_WARN_EMPTY_BODY = YES;
				CLANG_WARN_ENUM_CONVERSION = YES;
				CLANG_WARN_INFINITE_RECURSION = YES;
				CLANG_WARN_INT_CONVERSION = YES;
				CLANG_WARN_NON_LITERAL_NULL_CONVERSION = YES;
				CLANG_WARN_OBJC_IMPLICIT_RETAIN_SELF = YES;
				CLANG_WARN_OBJC_LITERAL_CONVERSION = YES;
				CLANG_WARN_OBJC_ROOT_CLASS = YES_ERROR;
				CLANG_WARN_QUOTED_INCLUDE_IN_FRAMEWORK_HEADER = YES;
				CLANG_WARN_RANGE_LOOP_ANALYSIS = YES;
				CLANG_WARN_STRICT_PROTOTYPES = YES;
				CLANG_WARN_SUSPICIOUS_MOVE = YES;
				CLANG_WARN_UNGUARDED_AVAILABILITY = YES_AGGRESSIVE;
				CLANG_WARN_UNREACHABLE_CODE = YES;
				CLANG_WARN__DUPLICATE_METHOD_MATCH = YES;
				COPY_PHASE_STRIP = NO;
				DEBUG_INFORMATION_FORMAT = dwarf;
				ENABLE_STRICT_OBJC_MSGSEND = YES;
				ENABLE_TESTABILITY = YES;
				GCC_C_LANGUAGE_STANDARD = gnu11;
				GCC_DYNAMIC_NO_PIC = NO;
				GCC_NO_COMMON_BLOCKS = YES;
				GCC_OPTIMIZATION_LEVEL = 0;
				GCC_PREPROCESSOR_DEFINITIONS = (
					"DEBUG=1",
					"$(inherited)",
				);
				GCC_WARN_64_TO_32_BIT_CONVERSION = YES;
				GCC_WARN_ABOUT_RETURN_TYPE = YES_ERROR;
				GCC_WARN_UNDECLARED_SELECTOR = YES;
				GCC_WARN_UNINITIALIZED_AUTOS = YES_AGGRESSIVE;
				GCC_WARN_UNUSED_FUNCTION = YES;
				GCC_WARN_UNUSED_VARIABLE = YES;
				IPHONEOS_DEPLOYMENT_TARGET = 14.0;
				MTL_ENABLE_DEBUG_INFO = INCLUDE_SOURCE;
				MTL_FAST_MATH = YES;
				ONLY_ACTIVE_ARCH = YES;
				SDKROOT = iphoneos;
				SWIFT_ACTIVE_COMPILATION_CONDITIONS = DEBUG;
				SWIFT_OPTIMIZATION_LEVEL = "-Onone";
			};
			name = Debug;
		};
		41CE531E24C718C300A34706 /* Release */ = {
			isa = XCBuildConfiguration;
			buildSettings = {
				ALWAYS_SEARCH_USER_PATHS = NO;
				CLANG_ANALYZER_NONNULL = YES;
				CLANG_ANALYZER_NUMBER_OBJECT_CONVERSION = YES_AGGRESSIVE;
				CLANG_CXX_LANGUAGE_STANDARD = "gnu++14";
				CLANG_CXX_LIBRARY = "libc++";
				CLANG_ENABLE_MODULES = YES;
				CLANG_ENABLE_OBJC_ARC = YES;
				CLANG_ENABLE_OBJC_WEAK = YES;
				CLANG_WARN_BLOCK_CAPTURE_AUTORELEASING = YES;
				CLANG_WARN_BOOL_CONVERSION = YES;
				CLANG_WARN_COMMA = YES;
				CLANG_WARN_CONSTANT_CONVERSION = YES;
				CLANG_WARN_DEPRECATED_OBJC_IMPLEMENTATIONS = YES;
				CLANG_WARN_DIRECT_OBJC_ISA_USAGE = YES_ERROR;
				CLANG_WARN_DOCUMENTATION_COMMENTS = YES;
				CLANG_WARN_EMPTY_BODY = YES;
				CLANG_WARN_ENUM_CONVERSION = YES;
				CLANG_WARN_INFINITE_RECURSION = YES;
				CLANG_WARN_INT_CONVERSION = YES;
				CLANG_WARN_NON_LITERAL_NULL_CONVERSION = YES;
				CLANG_WARN_OBJC_IMPLICIT_RETAIN_SELF = YES;
				CLANG_WARN_OBJC_LITERAL_CONVERSION = YES;
				CLANG_WARN_OBJC_ROOT_CLASS = YES_ERROR;
				CLANG_WARN_QUOTED_INCLUDE_IN_FRAMEWORK_HEADER = YES;
				CLANG_WARN_RANGE_LOOP_ANALYSIS = YES;
				CLANG_WARN_STRICT_PROTOTYPES = YES;
				CLANG_WARN_SUSPICIOUS_MOVE = YES;
				CLANG_WARN_UNGUARDED_AVAILABILITY = YES_AGGRESSIVE;
				CLANG_WARN_UNREACHABLE_CODE = YES;
				CLANG_WARN__DUPLICATE_METHOD_MATCH = YES;
				COPY_PHASE_STRIP = NO;
				DEBUG_INFORMATION_FORMAT = "dwarf-with-dsym";
				ENABLE_NS_ASSERTIONS = NO;
				ENABLE_STRICT_OBJC_MSGSEND = YES;
				GCC_C_LANGUAGE_STANDARD = gnu11;
				GCC_NO_COMMON_BLOCKS = YES;
				GCC_WARN_64_TO_32_BIT_CONVERSION = YES;
				GCC_WARN_ABOUT_RETURN_TYPE = YES_ERROR;
				GCC_WARN_UNDECLARED_SELECTOR = YES;
				GCC_WARN_UNINITIALIZED_AUTOS = YES_AGGRESSIVE;
				GCC_WARN_UNUSED_FUNCTION = YES;
				GCC_WARN_UNUSED_VARIABLE = YES;
				IPHONEOS_DEPLOYMENT_TARGET = 14.0;
				MTL_ENABLE_DEBUG_INFO = NO;
				MTL_FAST_MATH = YES;
				SDKROOT = iphoneos;
				SWIFT_COMPILATION_MODE = wholemodule;
				SWIFT_OPTIMIZATION_LEVEL = "-O";
				VALIDATE_PRODUCT = YES;
			};
			name = Release;
		};
		41CE532024C718C300A34706 /* Debug */ = {
			isa = XCBuildConfiguration;
			buildSettings = {
				ASSETCATALOG_COMPILER_APPICON_NAME = AppIcon;
				ASSETCATALOG_COMPILER_GLOBAL_ACCENT_COLOR_NAME = AccentColor;
				CODE_SIGN_STYLE = Automatic;
				DEVELOPMENT_TEAM = 3FTHS39QAD;
				INFOPLIST_FILE = ModalAnimation/Info.plist;
				IPHONEOS_DEPLOYMENT_TARGET = 10.0;
				LD_RUNPATH_SEARCH_PATHS = (
					"$(inherited)",
					"@executable_path/Frameworks",
				);
				PRODUCT_BUNDLE_IDENTIFIER = com.qeeptouch.ModalAnimation;
				PRODUCT_NAME = "$(TARGET_NAME)";
				SWIFT_VERSION = 5.0;
				TARGETED_DEVICE_FAMILY = "1,2";
			};
			name = Debug;
		};
		41CE532124C718C300A34706 /* Release */ = {
			isa = XCBuildConfiguration;
			buildSettings = {
				ASSETCATALOG_COMPILER_APPICON_NAME = AppIcon;
				ASSETCATALOG_COMPILER_GLOBAL_ACCENT_COLOR_NAME = AccentColor;
				CODE_SIGN_STYLE = Automatic;
				DEVELOPMENT_TEAM = 3FTHS39QAD;
				INFOPLIST_FILE = ModalAnimation/Info.plist;
				IPHONEOS_DEPLOYMENT_TARGET = 10.0;
				LD_RUNPATH_SEARCH_PATHS = (
					"$(inherited)",
					"@executable_path/Frameworks",
				);
				PRODUCT_BUNDLE_IDENTIFIER = com.qeeptouch.ModalAnimation;
				PRODUCT_NAME = "$(TARGET_NAME)";
				SWIFT_VERSION = 5.0;
				TARGETED_DEVICE_FAMILY = "1,2";
			};
			name = Release;
		};
		41CE532324C718C300A34706 /* Debug */ = {
			isa = XCBuildConfiguration;
			buildSettings = {
				ALWAYS_EMBED_SWIFT_STANDARD_LIBRARIES = YES;
				BUNDLE_LOADER = "$(TEST_HOST)";
				CODE_SIGN_STYLE = Automatic;
				DEVELOPMENT_TEAM = 3FTHS39QAD;
				INFOPLIST_FILE = ModalAnimationTests/Info.plist;
				IPHONEOS_DEPLOYMENT_TARGET = 14.0;
				LD_RUNPATH_SEARCH_PATHS = (
					"$(inherited)",
					"@executable_path/Frameworks",
					"@loader_path/Frameworks",
				);
				PRODUCT_BUNDLE_IDENTIFIER = com.qeeptouch.ModalAnimationTests;
				PRODUCT_NAME = "$(TARGET_NAME)";
				SWIFT_VERSION = 5.0;
				TARGETED_DEVICE_FAMILY = "1,2";
				TEST_HOST = "$(BUILT_PRODUCTS_DIR)/ModalAnimation.app/ModalAnimation";
			};
			name = Debug;
		};
		41CE532424C718C300A34706 /* Release */ = {
			isa = XCBuildConfiguration;
			buildSettings = {
				ALWAYS_EMBED_SWIFT_STANDARD_LIBRARIES = YES;
				BUNDLE_LOADER = "$(TEST_HOST)";
				CODE_SIGN_STYLE = Automatic;
				DEVELOPMENT_TEAM = 3FTHS39QAD;
				INFOPLIST_FILE = ModalAnimationTests/Info.plist;
				IPHONEOS_DEPLOYMENT_TARGET = 14.0;
				LD_RUNPATH_SEARCH_PATHS = (
					"$(inherited)",
					"@executable_path/Frameworks",
					"@loader_path/Frameworks",
				);
				PRODUCT_BUNDLE_IDENTIFIER = com.qeeptouch.ModalAnimationTests;
				PRODUCT_NAME = "$(TARGET_NAME)";
				SWIFT_VERSION = 5.0;
				TARGETED_DEVICE_FAMILY = "1,2";
				TEST_HOST = "$(BUILT_PRODUCTS_DIR)/ModalAnimation.app/ModalAnimation";
			};
			name = Release;
		};
		41CE532624C718C300A34706 /* Debug */ = {
			isa = XCBuildConfiguration;
			buildSettings = {
				ALWAYS_EMBED_SWIFT_STANDARD_LIBRARIES = YES;
				CODE_SIGN_STYLE = Automatic;
				DEVELOPMENT_TEAM = 3FTHS39QAD;
				INFOPLIST_FILE = ModalAnimationUITests/Info.plist;
				LD_RUNPATH_SEARCH_PATHS = (
					"$(inherited)",
					"@executable_path/Frameworks",
					"@loader_path/Frameworks",
				);
				PRODUCT_BUNDLE_IDENTIFIER = com.qeeptouch.ModalAnimationUITests;
				PRODUCT_NAME = "$(TARGET_NAME)";
				SWIFT_VERSION = 5.0;
				TARGETED_DEVICE_FAMILY = "1,2";
				TEST_TARGET_NAME = ModalAnimation;
			};
			name = Debug;
		};
		41CE532724C718C300A34706 /* Release */ = {
			isa = XCBuildConfiguration;
			buildSettings = {
				ALWAYS_EMBED_SWIFT_STANDARD_LIBRARIES = YES;
				CODE_SIGN_STYLE = Automatic;
				DEVELOPMENT_TEAM = 3FTHS39QAD;
				INFOPLIST_FILE = ModalAnimationUITests/Info.plist;
				LD_RUNPATH_SEARCH_PATHS = (
					"$(inherited)",
					"@executable_path/Frameworks",
					"@loader_path/Frameworks",
				);
				PRODUCT_BUNDLE_IDENTIFIER = com.qeeptouch.ModalAnimationUITests;
				PRODUCT_NAME = "$(TARGET_NAME)";
				SWIFT_VERSION = 5.0;
				TARGETED_DEVICE_FAMILY = "1,2";
				TEST_TARGET_NAME = ModalAnimation;
			};
			name = Release;
		};
/* End XCBuildConfiguration section */

/* Begin XCConfigurationList section */
		41CE52F024C718BF00A34706 /* Build configuration list for PBXProject "ModalAnimation" */ = {
			isa = XCConfigurationList;
			buildConfigurations = (
				41CE531D24C718C300A34706 /* Debug */,
				41CE531E24C718C300A34706 /* Release */,
			);
			defaultConfigurationIsVisible = 0;
			defaultConfigurationName = Release;
		};
		41CE531F24C718C300A34706 /* Build configuration list for PBXNativeTarget "ModalAnimation" */ = {
			isa = XCConfigurationList;
			buildConfigurations = (
				41CE532024C718C300A34706 /* Debug */,
				41CE532124C718C300A34706 /* Release */,
			);
			defaultConfigurationIsVisible = 0;
			defaultConfigurationName = Release;
		};
		41CE532224C718C300A34706 /* Build configuration list for PBXNativeTarget "ModalAnimationTests" */ = {
			isa = XCConfigurationList;
			buildConfigurations = (
				41CE532324C718C300A34706 /* Debug */,
				41CE532424C718C300A34706 /* Release */,
			);
			defaultConfigurationIsVisible = 0;
			defaultConfigurationName = Release;
		};
		41CE532524C718C300A34706 /* Build configuration list for PBXNativeTarget "ModalAnimationUITests" */ = {
			isa = XCConfigurationList;
			buildConfigurations = (
				41CE532624C718C300A34706 /* Debug */,
				41CE532724C718C300A34706 /* Release */,
			);
			defaultConfigurationIsVisible = 0;
			defaultConfigurationName = Release;
		};
/* End XCConfigurationList section */
	};
	rootObject = 41CE52ED24C718BF00A34706 /* Project object */;
}
